
Microsoft Visual Studio Solution File, Format Version 12.00
# Visual Studio 15
VisualStudioVersion = 15.0.28307.1082
MinimumVisualStudioVersion = 10.0.40219.1
Project("{FAE04EC0-301F-11D3-BF4B-00C04F79EFBC}") = "SpeecSynthesiser", "SpeecSynthesiser\SpeecSynthesiser.csproj", "{798D6805-F42C-43E2-A76A-5770ACB241FF}"
EndProject
Global
	GlobalSection(SolutionConfigurationPlatforms) = preSolution
		Debug|Any CPU = Debug|Any CPU
		Release|Any CPU = Release|Any CPU
	EndGlobalSection
	GlobalSection(ProjectConfigurationPlatforms) = postSolution
		{798D6805-F42C-43E2-A76A-5770ACB241FF}.Debug|Any CPU.ActiveCfg = Debug|Any CPU
		{798D6805-F42C-43E2-A76A-5770ACB241FF}.Debug|Any CPU.Build.0 = Debug|Any CPU
		{798D6805-F42C-43E2-A76A-5770ACB241FF}.Release|Any CPU.ActiveCfg = Release|Any CPU
		{798D6805-F42C-43E2-A76A-5770ACB241FF}.Release|Any CPU.Build.0 = Release|Any CPU
	EndGlobalSection
	GlobalSection(SolutionProperties) = preSolution
		HideSolutionNode = FALSE
	EndGlobalSection
	GlobalSection(ExtensibilityGlobals) = postSolution
		SolutionGuid = {27BDC696-E2DB-41A0-9056-0911063A7088}
	EndGlobalSection
EndGlobal
